
Microsoft Visual Studio Solution File, Format Version 12.00
# Visual Studio Version 17
VisualStudioVersion = 17.12.35707.178 d17.12
MinimumVisualStudioVersion = 10.0.40219.1
Project("{2150E333-8FDC-42A3-9474-1A3956D46DE8}") = "API", "API", "{F848A04A-0E3C-4508-A66E-E95189EDAE3E}"
EndProject
Project("{2150E333-8FDC-42A3-9474-1A3956D46DE8}") = "Application", "Application", "{5494C7C6-C3C9-4319-81D7-A30DA336747C}"
EndProject
Project("{2150E333-8FDC-42A3-9474-1A3956D46DE8}") = "Domain", "Domain", "{4986A5FB-0E37-42D6-8C23-65DBECDC7650}"
EndProject
Project("{2150E333-8FDC-42A3-9474-1A3956D46DE8}") = "Infra", "Infra", "{DD32AD3D-C2ED-43E1-9026-4DA89F942549}"
EndProject
Project("{2150E333-8FDC-42A3-9474-1A3956D46DE8}") = "Data", "Data", "{60215274-C2B7-4F26-957B-CF7076C60C43}"
EndProject
Project("{2150E333-8FDC-42A3-9474-1A3956D46DE8}") = "CrossCutting", "CrossCutting", "{1AEDD878-3D08-4B0E-A54B-969260CDDA2D}"
EndProject
Project("{FAE04EC0-301F-11D3-BF4B-00C04F79EFBC}") = "Application", "Application\Application.csproj", "{D7CC8D49-0F74-42AB-855D-A0F05E35D3BA}"
EndProject
Project("{FAE04EC0-301F-11D3-BF4B-00C04F79EFBC}") = "Domain", "Domain\Domain.csproj", "{51631092-C5E3-485E-ACA9-E7E86BB5D9DE}"
EndProject
Project("{FAE04EC0-301F-11D3-BF4B-00C04F79EFBC}") = "Data", "Data\Data.csproj", "{315A6B8F-95B2-4814-8F89-D497A35A12AE}"
EndProject
Project("{FAE04EC0-301F-11D3-BF4B-00C04F79EFBC}") = "CrossCutting", "CrossCutting\CrossCutting.csproj", "{9B89DFFB-162D-4B5D-8F76-4B78961C5D08}"
EndProject
Project("{FAE04EC0-301F-11D3-BF4B-00C04F79EFBC}") = "DesafioInbursa", "DesafioInbursa\DesafioInbursa.csproj", "{1D862F41-A5B0-460D-BBF7-A8564A33B701}"
EndProject
Global
	GlobalSection(SolutionConfigurationPlatforms) = preSolution
		Debug|Any CPU = Debug|Any CPU
		Release|Any CPU = Release|Any CPU
	EndGlobalSection
	GlobalSection(ProjectConfigurationPlatforms) = postSolution
		{D7CC8D49-0F74-42AB-855D-A0F05E35D3BA}.Debug|Any CPU.ActiveCfg = Debug|Any CPU
		{D7CC8D49-0F74-42AB-855D-A0F05E35D3BA}.Debug|Any CPU.Build.0 = Debug|Any CPU
		{D7CC8D49-0F74-42AB-855D-A0F05E35D3BA}.Release|Any CPU.ActiveCfg = Release|Any CPU
		{D7CC8D49-0F74-42AB-855D-A0F05E35D3BA}.Release|Any CPU.Build.0 = Release|Any CPU
		{51631092-C5E3-485E-ACA9-E7E86BB5D9DE}.Debug|Any CPU.ActiveCfg = Debug|Any CPU
		{51631092-C5E3-485E-ACA9-E7E86BB5D9DE}.Debug|Any CPU.Build.0 = Debug|Any CPU
		{51631092-C5E3-485E-ACA9-E7E86BB5D9DE}.Release|Any CPU.ActiveCfg = Release|Any CPU
		{51631092-C5E3-485E-ACA9-E7E86BB5D9DE}.Release|Any CPU.Build.0 = Release|Any CPU
		{315A6B8F-95B2-4814-8F89-D497A35A12AE}.Debug|Any CPU.ActiveCfg = Debug|Any CPU
		{315A6B8F-95B2-4814-8F89-D497A35A12AE}.Debug|Any CPU.Build.0 = Debug|Any CPU
		{315A6B8F-95B2-4814-8F89-D497A35A12AE}.Release|Any CPU.ActiveCfg = Release|Any CPU
		{315A6B8F-95B2-4814-8F89-D497A35A12AE}.Release|Any CPU.Build.0 = Release|Any CPU
		{9B89DFFB-162D-4B5D-8F76-4B78961C5D08}.Debug|Any CPU.ActiveCfg = Debug|Any CPU
		{9B89DFFB-162D-4B5D-8F76-4B78961C5D08}.Debug|Any CPU.Build.0 = Debug|Any CPU
		{9B89DFFB-162D-4B5D-8F76-4B78961C5D08}.Release|Any CPU.ActiveCfg = Release|Any CPU
		{9B89DFFB-162D-4B5D-8F76-4B78961C5D08}.Release|Any CPU.Build.0 = Release|Any CPU
		{1D862F41-A5B0-460D-BBF7-A8564A33B701}.Debug|Any CPU.ActiveCfg = Debug|Any CPU
		{1D862F41-A5B0-460D-BBF7-A8564A33B701}.Debug|Any CPU.Build.0 = Debug|Any CPU
		{1D862F41-A5B0-460D-BBF7-A8564A33B701}.Release|Any CPU.ActiveCfg = Release|Any CPU
		{1D862F41-A5B0-460D-BBF7-A8564A33B701}.Release|Any CPU.Build.0 = Release|Any CPU
	EndGlobalSection
	GlobalSection(SolutionProperties) = preSolution
		HideSolutionNode = FALSE
	EndGlobalSection
	GlobalSection(NestedProjects) = preSolution
		{60215274-C2B7-4F26-957B-CF7076C60C43} = {DD32AD3D-C2ED-43E1-9026-4DA89F942549}
		{1AEDD878-3D08-4B0E-A54B-969260CDDA2D} = {DD32AD3D-C2ED-43E1-9026-4DA89F942549}
		{D7CC8D49-0F74-42AB-855D-A0F05E35D3BA} = {5494C7C6-C3C9-4319-81D7-A30DA336747C}
		{51631092-C5E3-485E-ACA9-E7E86BB5D9DE} = {4986A5FB-0E37-42D6-8C23-65DBECDC7650}
		{315A6B8F-95B2-4814-8F89-D497A35A12AE} = {60215274-C2B7-4F26-957B-CF7076C60C43}
		{9B89DFFB-162D-4B5D-8F76-4B78961C5D08} = {1AEDD878-3D08-4B0E-A54B-969260CDDA2D}
		{1D862F41-A5B0-460D-BBF7-A8564A33B701} = {F848A04A-0E3C-4508-A66E-E95189EDAE3E}
	EndGlobalSection
EndGlobal
